
Microsoft Visual Studio Solution File, Format Version 12.00
# Visual Studio Version 17
VisualStudioVersion = 17.13.35913.81 d17.13
MinimumVisualStudioVersion = 10.0.40219.1
Project("{FAE04EC0-301F-11D3-BF4B-00C04F79EFBC}") = "Brewserve.API", "Brewserve\Brewserve.API.csproj", "{65C978FF-454B-4254-B78B-00C669C1ABE1}"
EndProject
Project("{FAE04EC0-301F-11D3-BF4B-00C04F79EFBC}") = "Brewserve.Tests", "Brewserve.Tests\Brewserve.Tests.csproj", "{7C65292D-E8A7-44D0-B7A1-DE34605A1C0E}"
EndProject
Project("{FAE04EC0-301F-11D3-BF4B-00C04F79EFBC}") = "Brewserve.Core", "Brewserve.Core\Brewserve.Core.csproj", "{0058DE90-6DB4-4AB7-BC13-BE9B7735AA55}"
EndProject
Project("{FAE04EC0-301F-11D3-BF4B-00C04F79EFBC}") = "Brewserve.Data", "Brewserve.Data\Brewserve.Data.csproj", "{6619220F-E205-4776-8046-51BBF9003B16}"
EndProject
Project("{FAE04EC0-301F-11D3-BF4B-00C04F79EFBC}") = "Brewserve.Infrastructure", "Brewserve.Infrastructure\Brewserve.Infrastructure.csproj", "{C7819EE0-83C7-42E1-B71D-CFAA9D60CB6D}"
EndProject
Global
	GlobalSection(SolutionConfigurationPlatforms) = preSolution
		Debug|Any CPU = Debug|Any CPU
		Release|Any CPU = Release|Any CPU
	EndGlobalSection
	GlobalSection(ProjectConfigurationPlatforms) = postSolution
		{65C978FF-454B-4254-B78B-00C669C1ABE1}.Debug|Any CPU.ActiveCfg = Debug|Any CPU
		{65C978FF-454B-4254-B78B-00C669C1ABE1}.Debug|Any CPU.Build.0 = Debug|Any CPU
		{65C978FF-454B-4254-B78B-00C669C1ABE1}.Release|Any CPU.ActiveCfg = Release|Any CPU
		{65C978FF-454B-4254-B78B-00C669C1ABE1}.Release|Any CPU.Build.0 = Release|Any CPU
		{7C65292D-E8A7-44D0-B7A1-DE34605A1C0E}.Debug|Any CPU.ActiveCfg = Debug|Any CPU
		{7C65292D-E8A7-44D0-B7A1-DE34605A1C0E}.Debug|Any CPU.Build.0 = Debug|Any CPU
		{7C65292D-E8A7-44D0-B7A1-DE34605A1C0E}.Release|Any CPU.ActiveCfg = Release|Any CPU
		{7C65292D-E8A7-44D0-B7A1-DE34605A1C0E}.Release|Any CPU.Build.0 = Release|Any CPU
		{0058DE90-6DB4-4AB7-BC13-BE9B7735AA55}.Debug|Any CPU.ActiveCfg = Debug|Any CPU
		{0058DE90-6DB4-4AB7-BC13-BE9B7735AA55}.Debug|Any CPU.Build.0 = Debug|Any CPU
		{0058DE90-6DB4-4AB7-BC13-BE9B7735AA55}.Release|Any CPU.ActiveCfg = Release|Any CPU
		{0058DE90-6DB4-4AB7-BC13-BE9B7735AA55}.Release|Any CPU.Build.0 = Release|Any CPU
		{6619220F-E205-4776-8046-51BBF9003B16}.Debug|Any CPU.ActiveCfg = Debug|Any CPU
		{6619220F-E205-4776-8046-51BBF9003B16}.Debug|Any CPU.Build.0 = Debug|Any CPU
		{6619220F-E205-4776-8046-51BBF9003B16}.Release|Any CPU.ActiveCfg = Release|Any CPU
		{6619220F-E205-4776-8046-51BBF9003B16}.Release|Any CPU.Build.0 = Release|Any CPU
		{C7819EE0-83C7-42E1-B71D-CFAA9D60CB6D}.Debug|Any CPU.ActiveCfg = Debug|Any CPU
		{C7819EE0-83C7-42E1-B71D-CFAA9D60CB6D}.Debug|Any CPU.Build.0 = Debug|Any CPU
		{C7819EE0-83C7-42E1-B71D-CFAA9D60CB6D}.Release|Any CPU.ActiveCfg = Release|Any CPU
		{C7819EE0-83C7-42E1-B71D-CFAA9D60CB6D}.Release|Any CPU.Build.0 = Release|Any CPU
	EndGlobalSection
	GlobalSection(SolutionProperties) = preSolution
		HideSolutionNode = FALSE
	EndGlobalSection
	GlobalSection(ExtensibilityGlobals) = postSolution
		SolutionGuid = {755E0593-FA05-4374-90FF-5A6ED6428281}
	EndGlobalSection
EndGlobal
